
Microsoft Visual Studio Solution File, Format Version 12.00
# Visual Studio 15
Project("{FAE04EC0-301F-11D3-BF4B-00C04F79EFBC}") = "Assembly-CSharp", "Assembly-CSharp.csproj", "{D85F65C5-5DD4-B3DF-9ACB-38BC356871CF}"
EndProject
Project("{FAE04EC0-301F-11D3-BF4B-00C04F79EFBC}") = "CFXRRuntime", "CFXRRuntime.csproj", "{41C33DD1-FC55-7B0C-37A6-1AD141BA2EF9}"
EndProject
Project("{FAE04EC0-301F-11D3-BF4B-00C04F79EFBC}") = "CFXREditor", "CFXREditor.csproj", "{918C466D-249D-39D8-D4F4-AC0987AE4B0C}"
EndProject
Global
	GlobalSection(SolutionConfigurationPlatforms) = preSolution
		Debug|Any CPU = Debug|Any CPU
		Release|Any CPU = Release|Any CPU
	EndGlobalSection
	GlobalSection(ProjectConfigurationPlatforms) = postSolution
		{D85F65C5-5DD4-B3DF-9ACB-38BC356871CF}.Debug|Any CPU.ActiveCfg = Debug|Any CPU
		{D85F65C5-5DD4-B3DF-9ACB-38BC356871CF}.Debug|Any CPU.Build.0 = Debug|Any CPU
		{D85F65C5-5DD4-B3DF-9ACB-38BC356871CF}.Release|Any CPU.ActiveCfg = Release|Any CPU
		{D85F65C5-5DD4-B3DF-9ACB-38BC356871CF}.Release|Any CPU.Build.0 = Release|Any CPU
		{41C33DD1-FC55-7B0C-37A6-1AD141BA2EF9}.Debug|Any CPU.ActiveCfg = Debug|Any CPU
		{41C33DD1-FC55-7B0C-37A6-1AD141BA2EF9}.Debug|Any CPU.Build.0 = Debug|Any CPU
		{41C33DD1-FC55-7B0C-37A6-1AD141BA2EF9}.Release|Any CPU.ActiveCfg = Release|Any CPU
		{41C33DD1-FC55-7B0C-37A6-1AD141BA2EF9}.Release|Any CPU.Build.0 = Release|Any CPU
		{918C466D-249D-39D8-D4F4-AC0987AE4B0C}.Debug|Any CPU.ActiveCfg = Debug|Any CPU
		{918C466D-249D-39D8-D4F4-AC0987AE4B0C}.Debug|Any CPU.Build.0 = Debug|Any CPU
		{918C466D-249D-39D8-D4F4-AC0987AE4B0C}.Release|Any CPU.ActiveCfg = Release|Any CPU
		{918C466D-249D-39D8-D4F4-AC0987AE4B0C}.Release|Any CPU.Build.0 = Release|Any CPU
	EndGlobalSection
	GlobalSection(SolutionProperties) = preSolution
		HideSolutionNode = FALSE
	EndGlobalSection
EndGlobal
